
Microsoft Visual Studio Solution File, Format Version 12.00
# Visual Studio Version 17
VisualStudioVersion = 17.3.32929.385
MinimumVisualStudioVersion = 10.0.40219.1
Project("{FAE04EC0-301F-11D3-BF4B-00C04F79EFBC}") = "GitHubLetterFrequency", "GitHubLetterFrequency\GitHubLetterFrequency.csproj", "{D52BF675-A13E-4BE9-B2C1-EFD87D56EDD7}"
EndProject
Global
	GlobalSection(SolutionConfigurationPlatforms) = preSolution
		Debug|Any CPU = Debug|Any CPU
		Release|Any CPU = Release|Any CPU
	EndGlobalSection
	GlobalSection(ProjectConfigurationPlatforms) = postSolution
		{D52BF675-A13E-4BE9-B2C1-EFD87D56EDD7}.Debug|Any CPU.ActiveCfg = Debug|Any CPU
		{D52BF675-A13E-4BE9-B2C1-EFD87D56EDD7}.Debug|Any CPU.Build.0 = Debug|Any CPU
		{D52BF675-A13E-4BE9-B2C1-EFD87D56EDD7}.Release|Any CPU.ActiveCfg = Release|Any CPU
		{D52BF675-A13E-4BE9-B2C1-EFD87D56EDD7}.Release|Any CPU.Build.0 = Release|Any CPU
	EndGlobalSection
	GlobalSection(SolutionProperties) = preSolution
		HideSolutionNode = FALSE
	EndGlobalSection
	GlobalSection(ExtensibilityGlobals) = postSolution
		SolutionGuid = {538E745D-3A24-4B1E-8559-D9B017000D28}
	EndGlobalSection
EndGlobal
